// !$*UTF8*$!
{
	archiveVersion = 1;
	classes = {
	};
	objectVersion = 55;
	objects = {

/* Begin PBXBuildFile section */
		28DA8AF4277E60B1006644D7 /* AppDelegate.swift in Sources */ = {isa = PBXBuildFile; fileRef = 28DA8AF3277E60B1006644D7 /* AppDelegate.swift */; };
		28DA8AF6277E60B1006644D7 /* SceneDelegate.swift in Sources */ = {isa = PBXBuildFile; fileRef = 28DA8AF5277E60B1006644D7 /* SceneDelegate.swift */; };
		28DA8AF8277E60B1006644D7 /* ViewController.swift in Sources */ = {isa = PBXBuildFile; fileRef = 28DA8AF7277E60B1006644D7 /* ViewController.swift */; };
		28DA8AFB277E60B1006644D7 /* Main.storyboard in Resources */ = {isa = PBXBuildFile; fileRef = 28DA8AF9277E60B1006644D7 /* Main.storyboard */; };
		28DA8AFD277E60B3006644D7 /* Assets.xcassets in Resources */ = {isa = PBXBuildFile; fileRef = 28DA8AFC277E60B3006644D7 /* Assets.xcassets */; };
		28DA8B00277E60B3006644D7 /* LaunchScreen.storyboard in Resources */ = {isa = PBXBuildFile; fileRef = 28DA8AFE277E60B3006644D7 /* LaunchScreen.storyboard */; };
		28DA8B0B277E60B3006644D7 /* ControleDeGastosTests.swift in Sources */ = {isa = PBXBuildFile; fileRef = 28DA8B0A277E60B3006644D7 /* ControleDeGastosTests.swift */; };
		28DA8B15277E60B3006644D7 /* ControleDeGastosUITests.swift in Sources */ = {isa = PBXBuildFile; fileRef = 28DA8B14277E60B3006644D7 /* ControleDeGastosUITests.swift */; };
		28DA8B17277E60B3006644D7 /* ControleDeGastosUITestsLaunchTests.swift in Sources */ = {isa = PBXBuildFile; fileRef = 28DA8B16277E60B3006644D7 /* ControleDeGastosUITestsLaunchTests.swift */; };
/* End PBXBuildFile section */

/* Begin PBXContainerItemProxy section */
		28DA8B07277E60B3006644D7 /* PBXContainerItemProxy */ = {
			isa = PBXContainerItemProxy;
			containerPortal = 28DA8AE8277E60B1006644D7 /* Project object */;
			proxyType = 1;
			remoteGlobalIDString = 28DA8AEF277E60B1006644D7;
			remoteInfo = ControleDeGastos;
		};
		28DA8B11277E60B3006644D7 /* PBXContainerItemProxy */ = {
			isa = PBXContainerItemProxy;
			containerPortal = 28DA8AE8277E60B1006644D7 /* Project object */;
			proxyType = 1;
			remoteGlobalIDString = 28DA8AEF277E60B1006644D7;
			remoteInfo = ControleDeGastos;
		};
/* End PBXContainerItemProxy section */

/* Begin PBXFileReference section */
		28DA8AF0277E60B1006644D7 /* ControleDeGastos.app */ = {isa = PBXFileReference; explicitFileType = wrapper.application; includeInIndex = 0; path = ControleDeGastos.app; sourceTree = BUILT_PRODUCTS_DIR; };
		28DA8AF3277E60B1006644D7 /* AppDelegate.swift */ = {isa = PBXFileReference; lastKnownFileType = sourcecode.swift; path = AppDelegate.swift; sourceTree = "<group>"; };
		28DA8AF5277E60B1006644D7 /* SceneDelegate.swift */ = {isa = PBXFileReference; lastKnownFileType = sourcecode.swift; path = SceneDelegate.swift; sourceTree = "<group>"; };
		28DA8AF7277E60B1006644D7 /* ViewController.swift */ = {isa = PBXFileReference; lastKnownFileType = sourcecode.swift; path = ViewController.swift; sourceTree = "<group>"; };
		28DA8AFA277E60B1006644D7 /* Base */ = {isa = PBXFileReference; lastKnownFileType = file.storyboard; name = Base; path = Base.lproj/Main.storyboard; sourceTree = "<group>"; };
		28DA8AFC277E60B3006644D7 /* Assets.xcassets */ = {isa = PBXFileReference; lastKnownFileType = folder.assetcatalog; path = Assets.xcassets; sourceTree = "<group>"; };
		28DA8AFF277E60B3006644D7 /* Base */ = {isa = PBXFileReference; lastKnownFileType = file.storyboard; name = Base; path = Base.lproj/LaunchScreen.storyboard; sourceTree = "<group>"; };
		28DA8B01277E60B3006644D7 /* Info.plist */ = {isa = PBXFileReference; lastKnownFileType = text.plist.xml; path = Info.plist; sourceTree = "<group>"; };
		28DA8B06277E60B3006644D7 /* ControleDeGastosTests.xctest */ = {isa = PBXFileReference; explicitFileType = wrapper.cfbundle; includeInIndex = 0; path = ControleDeGastosTests.xctest; sourceTree = BUILT_PRODUCTS_DIR; };
		28DA8B0A277E60B3006644D7 /* ControleDeGastosTests.swift */ = {isa = PBXFileReference; lastKnownFileType = sourcecode.swift; path = ControleDeGastosTests.swift; sourceTree = "<group>"; };
		28DA8B10277E60B3006644D7 /* ControleDeGastosUITests.xctest */ = {isa = PBXFileReference; explicitFileType = wrapper.cfbundle; includeInIndex = 0; path = ControleDeGastosUITests.xctest; sourceTree = BUILT_PRODUCTS_DIR; };
		28DA8B14277E60B3006644D7 /* ControleDeGastosUITests.swift */ = {isa = PBXFileReference; lastKnownFileType = sourcecode.swift; path = ControleDeGastosUITests.swift; sourceTree = "<group>"; };
		28DA8B16277E60B3006644D7 /* ControleDeGastosUITestsLaunchTests.swift */ = {isa = PBXFileReference; lastKnownFileType = sourcecode.swift; path = ControleDeGastosUITestsLaunchTests.swift; sourceTree = "<group>"; };
/* End PBXFileReference section */

/* Begin PBXFrameworksBuildPhase section */
		28DA8AED277E60B1006644D7 /* Frameworks */ = {
			isa = PBXFrameworksBuildPhase;
			buildActionMask = 2147483647;
			files = (
			);
			runOnlyForDeploymentPostprocessing = 0;
		};
		28DA8B03277E60B3006644D7 /* Frameworks */ = {
			isa = PBXFrameworksBuildPhase;
			buildActionMask = 2147483647;
			files = (
			);
			runOnlyForDeploymentPostprocessing = 0;
		};
		28DA8B0D277E60B3006644D7 /* Frameworks */ = {
			isa = PBXFrameworksBuildPhase;
			buildActionMask = 2147483647;
			files = (
			);
			runOnlyForDeploymentPostprocessing = 0;
		};
/* End PBXFrameworksBuildPhase section */

/* Begin PBXGroup section */
		28DA8AE7277E60B1006644D7 = {
			isa = PBXGroup;
			children = (
				28DA8AF2277E60B1006644D7 /* ControleDeGastos */,
				28DA8B09277E60B3006644D7 /* ControleDeGastosTests */,
				28DA8B13277E60B3006644D7 /* ControleDeGastosUITests */,
				28DA8AF1277E60B1006644D7 /* Products */,
			);
			sourceTree = "<group>";
		};
		28DA8AF1277E60B1006644D7 /* Products */ = {
			isa = PBXGroup;
			children = (
				28DA8AF0277E60B1006644D7 /* ControleDeGastos.app */,
				28DA8B06277E60B3006644D7 /* ControleDeGastosTests.xctest */,
				28DA8B10277E60B3006644D7 /* ControleDeGastosUITests.xctest */,
			);
			name = Products;
			sourceTree = "<group>";
		};
		28DA8AF2277E60B1006644D7 /* ControleDeGastos */ = {
			isa = PBXGroup;
			children = (
				28DA8AF3277E60B1006644D7 /* AppDelegate.swift */,
				28DA8AF5277E60B1006644D7 /* SceneDelegate.swift */,
				28DA8AF7277E60B1006644D7 /* ViewController.swift */,
				28DA8AF9277E60B1006644D7 /* Main.storyboard */,
				28DA8AFC277E60B3006644D7 /* Assets.xcassets */,
				28DA8AFE277E60B3006644D7 /* LaunchScreen.storyboard */,
				28DA8B01277E60B3006644D7 /* Info.plist */,
			);
			path = ControleDeGastos;
			sourceTree = "<group>";
		};
		28DA8B09277E60B3006644D7 /* ControleDeGastosTests */ = {
			isa = PBXGroup;
			children = (
				28DA8B0A277E60B3006644D7 /* ControleDeGastosTests.swift */,
			);
			path = ControleDeGastosTests;
			sourceTree = "<group>";
		};
		28DA8B13277E60B3006644D7 /* ControleDeGastosUITests */ = {
			isa = PBXGroup;
			children = (
				28DA8B14277E60B3006644D7 /* ControleDeGastosUITests.swift */,
				28DA8B16277E60B3006644D7 /* ControleDeGastosUITestsLaunchTests.swift */,
			);
			path = ControleDeGastosUITests;
			sourceTree = "<group>";
		};
/* End PBXGroup section */

/* Begin PBXNativeTarget section */
		28DA8AEF277E60B1006644D7 /* ControleDeGastos */ = {
			isa = PBXNativeTarget;
			buildConfigurationList = 28DA8B1A277E60B3006644D7 /* Build configuration list for PBXNativeTarget "ControleDeGastos" */;
			buildPhases = (
				28DA8AEC277E60B1006644D7 /* Sources */,
				28DA8AED277E60B1006644D7 /* Frameworks */,
				28DA8AEE277E60B1006644D7 /* Resources */,
			);
			buildRules = (
			);
			dependencies = (
			);
			name = ControleDeGastos;
			productName = ControleDeGastos;
			productReference = 28DA8AF0277E60B1006644D7 /* ControleDeGastos.app */;
			productType = "com.apple.product-type.application";
		};
		28DA8B05277E60B3006644D7 /* ControleDeGastosTests */ = {
			isa = PBXNativeTarget;
			buildConfigurationList = 28DA8B1D277E60B3006644D7 /* Build configuration list for PBXNativeTarget "ControleDeGastosTests" */;
			buildPhases = (
				28DA8B02277E60B3006644D7 /* Sources */,
				28DA8B03277E60B3006644D7 /* Frameworks */,
				28DA8B04277E60B3006644D7 /* Resources */,
			);
			buildRules = (
			);
			dependencies = (
				28DA8B08277E60B3006644D7 /* PBXTargetDependency */,
			);
			name = ControleDeGastosTests;
			productName = ControleDeGastosTests;
			productReference = 28DA8B06277E60B3006644D7 /* ControleDeGastosTests.xctest */;
			productType = "com.apple.product-type.bundle.unit-test";
		};
		28DA8B0F277E60B3006644D7 /* ControleDeGastosUITests */ = {
			isa = PBXNativeTarget;
			buildConfigurationList = 28DA8B20277E60B3006644D7 /* Build configuration list for PBXNativeTarget "ControleDeGastosUITests" */;
			buildPhases = (
				28DA8B0C277E60B3006644D7 /* Sources */,
				28DA8B0D277E60B3006644D7 /* Frameworks */,
				28DA8B0E277E60B3006644D7 /* Resources */,
			);
			buildRules = (
			);
			dependencies = (
				28DA8B12277E60B3006644D7 /* PBXTargetDependency */,
			);
			name = ControleDeGastosUITests;
			productName = ControleDeGastosUITests;
			productReference = 28DA8B10277E60B3006644D7 /* ControleDeGastosUITests.xctest */;
			productType = "com.apple.product-type.bundle.ui-testing";
		};
/* End PBXNativeTarget section */

/* Begin PBXProject section */
		28DA8AE8277E60B1006644D7 /* Project object */ = {
			isa = PBXProject;
			attributes = {
				BuildIndependentTargetsInParallel = 1;
				LastSwiftUpdateCheck = 1310;
				LastUpgradeCheck = 1310;
				TargetAttributes = {
					28DA8AEF277E60B1006644D7 = {
						CreatedOnToolsVersion = 13.1;
					};
					28DA8B05277E60B3006644D7 = {
						CreatedOnToolsVersion = 13.1;
						TestTargetID = 28DA8AEF277E60B1006644D7;
					};
					28DA8B0F277E60B3006644D7 = {
						CreatedOnToolsVersion = 13.1;
						TestTargetID = 28DA8AEF277E60B1006644D7;
					};
				};
			};
			buildConfigurationList = 28DA8AEB277E60B1006644D7 /* Build configuration list for PBXProject "ControleDeGastos" */;
			compatibilityVersion = "Xcode 13.0";
			developmentRegion = en;
			hasScannedForEncodings = 0;
			knownRegions = (
				en,
				Base,
			);
			mainGroup = 28DA8AE7277E60B1006644D7;
			productRefGroup = 28DA8AF1277E60B1006644D7 /* Products */;
			projectDirPath = "";
			projectRoot = "";
			targets = (
				28DA8AEF277E60B1006644D7 /* ControleDeGastos */,
				28DA8B05277E60B3006644D7 /* ControleDeGastosTests */,
				28DA8B0F277E60B3006644D7 /* ControleDeGastosUITests */,
			);
		};
/* End PBXProject section */

/* Begin PBXResourcesBuildPhase section */
		28DA8AEE277E60B1006644D7 /* Resources */ = {
			isa = PBXResourcesBuildPhase;
			buildActionMask = 2147483647;
			files = (
				28DA8B00277E60B3006644D7 /* LaunchScreen.storyboard in Resources */,
				28DA8AFD277E60B3006644D7 /* Assets.xcassets in Resources */,
				28DA8AFB277E60B1006644D7 /* Main.storyboard in Resources */,
			);
			runOnlyForDeploymentPostprocessing = 0;
		};
		28DA8B04277E60B3006644D7 /* Resources */ = {
			isa = PBXResourcesBuildPhase;
			buildActionMask = 2147483647;
			files = (
			);
			runOnlyForDeploymentPostprocessing = 0;
		};
		28DA8B0E277E60B3006644D7 /* Resources */ = {
			isa = PBXResourcesBuildPhase;
			buildActionMask = 2147483647;
			files = (
			);
			runOnlyForDeploymentPostprocessing = 0;
		};
/* End PBXResourcesBuildPhase section */

/* Begin PBXSourcesBuildPhase section */
		28DA8AEC277E60B1006644D7 /* Sources */ = {
			isa = PBXSourcesBuildPhase;
			buildActionMask = 2147483647;
			files = (
				28DA8AF8277E60B1006644D7 /* ViewController.swift in Sources */,
				28DA8AF4277E60B1006644D7 /* AppDelegate.swift in Sources */,
				28DA8AF6277E60B1006644D7 /* SceneDelegate.swift in Sources */,
			);
			runOnlyForDeploymentPostprocessing = 0;
		};
		28DA8B02277E60B3006644D7 /* Sources */ = {
			isa = PBXSourcesBuildPhase;
			buildActionMask = 2147483647;
			files = (
				28DA8B0B277E60B3006644D7 /* ControleDeGastosTests.swift in Sources */,
			);
			runOnlyForDeploymentPostprocessing = 0;
		};
		28DA8B0C277E60B3006644D7 /* Sources */ = {
			isa = PBXSourcesBuildPhase;
			buildActionMask = 2147483647;
			files = (
				28DA8B17277E60B3006644D7 /* ControleDeGastosUITestsLaunchTests.swift in Sources */,
				28DA8B15277E60B3006644D7 /* ControleDeGastosUITests.swift in Sources */,
			);
			runOnlyForDeploymentPostprocessing = 0;
		};
/* End PBXSourcesBuildPhase section */

/* Begin PBXTargetDependency section */
		28DA8B08277E60B3006644D7 /* PBXTargetDependency */ = {
			isa = PBXTargetDependency;
			target = 28DA8AEF277E60B1006644D7 /* ControleDeGastos */;
			targetProxy = 28DA8B07277E60B3006644D7 /* PBXContainerItemProxy */;
		};
		28DA8B12277E60B3006644D7 /* PBXTargetDependency */ = {
			isa = PBXTargetDependency;
			target = 28DA8AEF277E60B1006644D7 /* ControleDeGastos */;
			targetProxy = 28DA8B11277E60B3006644D7 /* PBXContainerItemProxy */;
		};
/* End PBXTargetDependency section */

/* Begin PBXVariantGroup section */
		28DA8AF9277E60B1006644D7 /* Main.storyboard */ = {
			isa = PBXVariantGroup;
			children = (
				28DA8AFA277E60B1006644D7 /* Base */,
			);
			name = Main.storyboard;
			sourceTree = "<group>";
		};
		28DA8AFE277E60B3006644D7 /* LaunchScreen.storyboard */ = {
			isa = PBXVariantGroup;
			children = (
				28DA8AFF277E60B3006644D7 /* Base */,
			);
			name = LaunchScreen.storyboard;
			sourceTree = "<group>";
		};
/* End PBXVariantGroup section */

/* Begin XCBuildConfiguration section */
		28DA8B18277E60B3006644D7 /* Debug */ = {
			isa = XCBuildConfiguration;
			buildSettings = {
				ALWAYS_SEARCH_USER_PATHS = NO;
				CLANG_ANALYZER_NONNULL = YES;
				CLANG_ANALYZER_NUMBER_OBJECT_CONVERSION = YES_AGGRESSIVE;
				CLANG_CXX_LANGUAGE_STANDARD = "gnu++17";
				CLANG_CXX_LIBRARY = "libc++";
				CLANG_ENABLE_MODULES = YES;
				CLANG_ENABLE_OBJC_ARC = YES;
				CLANG_ENABLE_OBJC_WEAK = YES;
				CLANG_WARN_BLOCK_CAPTURE_AUTORELEASING = YES;
				CLANG_WARN_BOOL_CONVERSION = YES;
				CLANG_WARN_COMMA = YES;
				CLANG_WARN_CONSTANT_CONVERSION = YES;
				CLANG_WARN_DEPRECATED_OBJC_IMPLEMENTATIONS = YES;
				CLANG_WARN_DIRECT_OBJC_ISA_USAGE = YES_ERROR;
				CLANG_WARN_DOCUMENTATION_COMMENTS = YES;
				CLANG_WARN_EMPTY_BODY = YES;
				CLANG_WARN_ENUM_CONVERSION = YES;
				CLANG_WARN_INFINITE_RECURSION = YES;
				CLANG_WARN_INT_CONVERSION = YES;
				CLANG_WARN_NON_LITERAL_NULL_CONVERSION = YES;
				CLANG_WARN_OBJC_IMPLICIT_RETAIN_SELF = YES;
				CLANG_WARN_OBJC_LITERAL_CONVERSION = YES;
				CLANG_WARN_OBJC_ROOT_CLASS = YES_ERROR;
				CLANG_WARN_QUOTED_INCLUDE_IN_FRAMEWORK_HEADER = YES;
				CLANG_WARN_RANGE_LOOP_ANALYSIS = YES;
				CLANG_WARN_STRICT_PROTOTYPES = YES;
				CLANG_WARN_SUSPICIOUS_MOVE = YES;
				CLANG_WARN_UNGUARDED_AVAILABILITY = YES_AGGRESSIVE;
				CLANG_WARN_UNREACHABLE_CODE = YES;
				CLANG_WARN__DUPLICATE_METHOD_MATCH = YES;
				COPY_PHASE_STRIP = NO;
				DEBUG_INFORMATION_FORMAT = dwarf;
				ENABLE_STRICT_OBJC_MSGSEND = YES;
				ENABLE_TESTABILITY = YES;
				GCC_C_LANGUAGE_STANDARD = gnu11;
				GCC_DYNAMIC_NO_PIC = NO;
				GCC_NO_COMMON_BLOCKS = YES;
				GCC_OPTIMIZATION_LEVEL = 0;
				GCC_PREPROCESSOR_DEFINITIONS = (
					"DEBUG=1",
					"$(inherited)",
				);
				GCC_WARN_64_TO_32_BIT_CONVERSION = YES;
				GCC_WARN_ABOUT_RETURN_TYPE = YES_ERROR;
				GCC_WARN_UNDECLARED_SELECTOR = YES;
				GCC_WARN_UNINITIALIZED_AUTOS = YES_AGGRESSIVE;
				GCC_WARN_UNUSED_FUNCTION = YES;
				GCC_WARN_UNUSED_VARIABLE = YES;
				IPHONEOS_DEPLOYMENT_TARGET = 15.0;
				MTL_ENABLE_DEBUG_INFO = INCLUDE_SOURCE;
				MTL_FAST_MATH = YES;
				ONLY_ACTIVE_ARCH = YES;
				SDKROOT = iphoneos;
				SWIFT_ACTIVE_COMPILATION_CONDITIONS = DEBUG;
				SWIFT_OPTIMIZATION_LEVEL = "-Onone";
			};
			name = Debug;
		};
		28DA8B19277E60B3006644D7 /* Release */ = {
			isa = XCBuildConfiguration;
			buildSettings = {
				ALWAYS_SEARCH_USER_PATHS = NO;
				CLANG_ANALYZER_NONNULL = YES;
				CLANG_ANALYZER_NUMBER_OBJECT_CONVERSION = YES_AGGRESSIVE;
				CLANG_CXX_LANGUAGE_STANDARD = "gnu++17";
				CLANG_CXX_LIBRARY = "libc++";
				CLANG_ENABLE_MODULES = YES;
				CLANG_ENABLE_OBJC_ARC = YES;
				CLANG_ENABLE_OBJC_WEAK = YES;
				CLANG_WARN_BLOCK_CAPTURE_AUTORELEASING = YES;
				CLANG_WARN_BOOL_CONVERSION = YES;
				CLANG_WARN_COMMA = YES;
				CLANG_WARN_CONSTANT_CONVERSION = YES;
				CLANG_WARN_DEPRECATED_OBJC_IMPLEMENTATIONS = YES;
				CLANG_WARN_DIRECT_OBJC_ISA_USAGE = YES_ERROR;
				CLANG_WARN_DOCUMENTATION_COMMENTS = YES;
				CLANG_WARN_EMPTY_BODY = YES;
				CLANG_WARN_ENUM_CONVERSION = YES;
				CLANG_WARN_INFINITE_RECURSION = YES;
				CLANG_WARN_INT_CONVERSION = YES;
				CLANG_WARN_NON_LITERAL_NULL_CONVERSION = YES;
				CLANG_WARN_OBJC_IMPLICIT_RETAIN_SELF = YES;
				CLANG_WARN_OBJC_LITERAL_CONVERSION = YES;
				CLANG_WARN_OBJC_ROOT_CLASS = YES_ERROR;
				CLANG_WARN_QUOTED_INCLUDE_IN_FRAMEWORK_HEADER = YES;
				CLANG_WARN_RANGE_LOOP_ANALYSIS = YES;
				CLANG_WARN_STRICT_PROTOTYPES = YES;
				CLANG_WARN_SUSPICIOUS_MOVE = YES;
				CLANG_WARN_UNGUARDED_AVAILABILITY = YES_AGGRESSIVE;
				CLANG_WARN_UNREACHABLE_CODE = YES;
				CLANG_WARN__DUPLICATE_METHOD_MATCH = YES;
				COPY_PHASE_STRIP = NO;
				DEBUG_INFORMATION_FORMAT = "dwarf-with-dsym";
				ENABLE_NS_ASSERTIONS = NO;
				ENABLE_STRICT_OBJC_MSGSEND = YES;
				GCC_C_LANGUAGE_STANDARD = gnu11;
				GCC_NO_COMMON_BLOCKS = YES;
				GCC_WARN_64_TO_32_BIT_CONVERSION = YES;
				GCC_WARN_ABOUT_RETURN_TYPE = YES_ERROR;
				GCC_WARN_UNDECLARED_SELECTOR = YES;
				GCC_WARN_UNINITIALIZED_AUTOS = YES_AGGRESSIVE;
				GCC_WARN_UNUSED_FUNCTION = YES;
				GCC_WARN_UNUSED_VARIABLE = YES;
				IPHONEOS_DEPLOYMENT_TARGET = 15.0;
				MTL_ENABLE_DEBUG_INFO = NO;
				MTL_FAST_MATH = YES;
				SDKROOT = iphoneos;
				SWIFT_COMPILATION_MODE = wholemodule;
				SWIFT_OPTIMIZATION_LEVEL = "-O";
				VALIDATE_PRODUCT = YES;
			};
			name = Release;
		};
		28DA8B1B277E60B3006644D7 /* Debug */ = {
			isa = XCBuildConfiguration;
			buildSettings = {
				ASSETCATALOG_COMPILER_APPICON_NAME = AppIcon;
				ASSETCATALOG_COMPILER_GLOBAL_ACCENT_COLOR_NAME = AccentColor;
				CODE_SIGN_STYLE = Automatic;
				CURRENT_PROJECT_VERSION = 1;
				DEVELOPMENT_TEAM = 7V8H7V5SDB;
				GENERATE_INFOPLIST_FILE = YES;
				INFOPLIST_FILE = ControleDeGastos/Info.plist;
				INFOPLIST_KEY_UIApplicationSupportsIndirectInputEvents = YES;
				INFOPLIST_KEY_UILaunchStoryboardName = LaunchScreen;
				INFOPLIST_KEY_UIMainStoryboardFile = Main;
				INFOPLIST_KEY_UISupportedInterfaceOrientations_iPad = "UIInterfaceOrientationPortrait UIInterfaceOrientationPortraitUpsideDown UIInterfaceOrientationLandscapeLeft UIInterfaceOrientationLandscapeRight";
				INFOPLIST_KEY_UISupportedInterfaceOrientations_iPhone = "UIInterfaceOrientationPortrait UIInterfaceOrientationLandscapeLeft UIInterfaceOrientationLandscapeRight";
				LD_RUNPATH_SEARCH_PATHS = (
					"$(inherited)",
					"@executable_path/Frameworks",
				);
				MARKETING_VERSION = 1.0;
				PRODUCT_BUNDLE_IDENTIFIER = gabrieljuren.ControleDeGastos;
				PRODUCT_NAME = "$(TARGET_NAME)";
				SWIFT_EMIT_LOC_STRINGS = YES;
				SWIFT_VERSION = 5.0;
				TARGETED_DEVICE_FAMILY = "1,2";
			};
			name = Debug;
		};
		28DA8B1C277E60B3006644D7 /* Release */ = {
			isa = XCBuildConfiguration;
			buildSettings = {
				ASSETCATALOG_COMPILER_APPICON_NAME = AppIcon;
				ASSETCATALOG_COMPILER_GLOBAL_ACCENT_COLOR_NAME = AccentColor;
				CODE_SIGN_STYLE = Automatic;
				CURRENT_PROJECT_VERSION = 1;
				DEVELOPMENT_TEAM = 7V8H7V5SDB;
				GENERATE_INFOPLIST_FILE = YES;
				INFOPLIST_FILE = ControleDeGastos/Info.plist;
				INFOPLIST_KEY_UIApplicationSupportsIndirectInputEvents = YES;
				INFOPLIST_KEY_UILaunchStoryboardName = LaunchScreen;
				INFOPLIST_KEY_UIMainStoryboardFile = Main;
				INFOPLIST_KEY_UISupportedInterfaceOrientations_iPad = "UIInterfaceOrientationPortrait UIInterfaceOrientationPortraitUpsideDown UIInterfaceOrientationLandscapeLeft UIInterfaceOrientationLandscapeRight";
				INFOPLIST_KEY_UISupportedInterfaceOrientations_iPhone = "UIInterfaceOrientationPortrait UIInterfaceOrientationLandscapeLeft UIInterfaceOrientationLandscapeRight";
				LD_RUNPATH_SEARCH_PATHS = (
					"$(inherited)",
					"@executable_path/Frameworks",
				);
				MARKETING_VERSION = 1.0;
				PRODUCT_BUNDLE_IDENTIFIER = gabrieljuren.ControleDeGastos;
				PRODUCT_NAME = "$(TARGET_NAME)";
				SWIFT_EMIT_LOC_STRINGS = YES;
				SWIFT_VERSION = 5.0;
				TARGETED_DEVICE_FAMILY = "1,2";
			};
			name = Release;
		};
		28DA8B1E277E60B3006644D7 /* Debug */ = {
			isa = XCBuildConfiguration;
			buildSettings = {
				ALWAYS_EMBED_SWIFT_STANDARD_LIBRARIES = YES;
				BUNDLE_LOADER = "$(TEST_HOST)";
				CODE_SIGN_STYLE = Automatic;
				CURRENT_PROJECT_VERSION = 1;
				DEVELOPMENT_TEAM = 7V8H7V5SDB;
				GENERATE_INFOPLIST_FILE = YES;
				IPHONEOS_DEPLOYMENT_TARGET = 15.0;
				LD_RUNPATH_SEARCH_PATHS = (
					"$(inherited)",
					"@executable_path/Frameworks",
					"@loader_path/Frameworks",
				);
				MARKETING_VERSION = 1.0;
				PRODUCT_BUNDLE_IDENTIFIER = gabrieljuren.ControleDeGastosTests;
				PRODUCT_NAME = "$(TARGET_NAME)";
				SWIFT_EMIT_LOC_STRINGS = NO;
				SWIFT_VERSION = 5.0;
				TARGETED_DEVICE_FAMILY = "1,2";
				TEST_HOST = "$(BUILT_PRODUCTS_DIR)/ControleDeGastos.app/ControleDeGastos";
			};
			name = Debug;
		};
		28DA8B1F277E60B3006644D7 /* Release */ = {
			isa = XCBuildConfiguration;
			buildSettings = {
				ALWAYS_EMBED_SWIFT_STANDARD_LIBRARIES = YES;
				BUNDLE_LOADER = "$(TEST_HOST)";
				CODE_SIGN_STYLE = Automatic;
				CURRENT_PROJECT_VERSION = 1;
				DEVELOPMENT_TEAM = 7V8H7V5SDB;
				GENERATE_INFOPLIST_FILE = YES;
				IPHONEOS_DEPLOYMENT_TARGET = 15.0;
				LD_RUNPATH_SEARCH_PATHS = (
					"$(inherited)",
					"@executable_path/Frameworks",
					"@loader_path/Frameworks",
				);
				MARKETING_VERSION = 1.0;
				PRODUCT_BUNDLE_IDENTIFIER = gabrieljuren.ControleDeGastosTests;
				PRODUCT_NAME = "$(TARGET_NAME)";
				SWIFT_EMIT_LOC_STRINGS = NO;
				SWIFT_VERSION = 5.0;
				TARGETED_DEVICE_FAMILY = "1,2";
				TEST_HOST = "$(BUILT_PRODUCTS_DIR)/ControleDeGastos.app/ControleDeGastos";
			};
			name = Release;
		};
		28DA8B21277E60B3006644D7 /* Debug */ = {
			isa = XCBuildConfiguration;
			buildSettings = {
				ALWAYS_EMBED_SWIFT_STANDARD_LIBRARIES = YES;
				CODE_SIGN_STYLE = Automatic;
				CURRENT_PROJECT_VERSION = 1;
				DEVELOPMENT_TEAM = 7V8H7V5SDB;
				GENERATE_INFOPLIST_FILE = YES;
				LD_RUNPATH_SEARCH_PATHS = (
					"$(inherited)",
					"@executable_path/Frameworks",
					"@loader_path/Frameworks",
				);
				MARKETING_VERSION = 1.0;
				PRODUCT_BUNDLE_IDENTIFIER = gabrieljuren.ControleDeGastosUITests;
				PRODUCT_NAME = "$(TARGET_NAME)";
				SWIFT_EMIT_LOC_STRINGS = NO;
				SWIFT_VERSION = 5.0;
				TARGETED_DEVICE_FAMILY = "1,2";
				TEST_TARGET_NAME = ControleDeGastos;
			};
			name = Debug;
		};
		28DA8B22277E60B3006644D7 /* Release */ = {
			isa = XCBuildConfiguration;
			buildSettings = {
				ALWAYS_EMBED_SWIFT_STANDARD_LIBRARIES = YES;
				CODE_SIGN_STYLE = Automatic;
				CURRENT_PROJECT_VERSION = 1;
				DEVELOPMENT_TEAM = 7V8H7V5SDB;
				GENERATE_INFOPLIST_FILE = YES;
				LD_RUNPATH_SEARCH_PATHS = (
					"$(inherited)",
					"@executable_path/Frameworks",
					"@loader_path/Frameworks",
				);
				MARKETING_VERSION = 1.0;
				PRODUCT_BUNDLE_IDENTIFIER = gabrieljuren.ControleDeGastosUITests;
				PRODUCT_NAME = "$(TARGET_NAME)";
				SWIFT_EMIT_LOC_STRINGS = NO;
				SWIFT_VERSION = 5.0;
				TARGETED_DEVICE_FAMILY = "1,2";
				TEST_TARGET_NAME = ControleDeGastos;
			};
			name = Release;
		};
/* End XCBuildConfiguration section */

/* Begin XCConfigurationList section */
		28DA8AEB277E60B1006644D7 /* Build configuration list for PBXProject "ControleDeGastos" */ = {
			isa = XCConfigurationList;
			buildConfigurations = (
				28DA8B18277E60B3006644D7 /* Debug */,
				28DA8B19277E60B3006644D7 /* Release */,
			);
			defaultConfigurationIsVisible = 0;
			defaultConfigurationName = Release;
		};
		28DA8B1A277E60B3006644D7 /* Build configuration list for PBXNativeTarget "ControleDeGastos" */ = {
			isa = XCConfigurationList;
			buildConfigurations = (
				28DA8B1B277E60B3006644D7 /* Debug */,
				28DA8B1C277E60B3006644D7 /* Release */,
			);
			defaultConfigurationIsVisible = 0;
			defaultConfigurationName = Release;
		};
		28DA8B1D277E60B3006644D7 /* Build configuration list for PBXNativeTarget "ControleDeGastosTests" */ = {
			isa = XCConfigurationList;
			buildConfigurations = (
				28DA8B1E277E60B3006644D7 /* Debug */,
				28DA8B1F277E60B3006644D7 /* Release */,
			);
			defaultConfigurationIsVisible = 0;
			defaultConfigurationName = Release;
		};
		28DA8B20277E60B3006644D7 /* Build configuration list for PBXNativeTarget "ControleDeGastosUITests" */ = {
			isa = XCConfigurationList;
			buildConfigurations = (
				28DA8B21277E60B3006644D7 /* Debug */,
				28DA8B22277E60B3006644D7 /* Release */,
			);
			defaultConfigurationIsVisible = 0;
			defaultConfigurationName = Release;
		};
/* End XCConfigurationList section */
	};
	rootObject = 28DA8AE8277E60B1006644D7 /* Project object */;
}
